
Microsoft Visual Studio Solution File, Format Version 12.00
# Visual Studio 14
VisualStudioVersion = 14.0.25123.0
MinimumVisualStudioVersion = 10.0.40219.1
Project("{B8C07013-E21C-46A8-BBB2-928BECE74923}") = "Sitecore.Support.350376", "Sitecore.Support.350376\Sitecore.Support.350376.csproj", "{28F88F64-ACD5-4144-83A1-8EEEBEAE46DD}"
EndProject
Global
	GlobalSection(SolutionConfigurationPlatforms) = preSolution
		Debug|Any CPU = Debug|Any CPU
		Release|Any CPU = Release|Any CPU
	EndGlobalSection
	GlobalSection(ProjectConfigurationPlatforms) = postSolution
		{28F88F64-ACD5-4144-83A1-8EEEBEAE46DD}.Debug|Any CPU.ActiveCfg = Debug|Any CPU
		{28F88F64-ACD5-4144-83A1-8EEEBEAE46DD}.Debug|Any CPU.Build.0 = Debug|Any CPU
		{28F88F64-ACD5-4144-83A1-8EEEBEAE46DD}.Release|Any CPU.ActiveCfg = Release|Any CPU
		{28F88F64-ACD5-4144-83A1-8EEEBEAE46DD}.Release|Any CPU.Build.0 = Release|Any CPU
	EndGlobalSection
	GlobalSection(SolutionProperties) = preSolution
		HideSolutionNode = FALSE
	EndGlobalSection
EndGlobal
